<?xml version="1.0" encoding="utf-8"?>
<Project ToolsVersion="4.0" xmlns="http://schemas.microsoft.com/developer/msbuild/2003">
  <ItemGroup>
    <Filter Include="Source Files">
      <UniqueIdentifier>{4FC737F1-C7A5-4376-A066-2A32D752A2FF}</UniqueIdentifier>
      <Extensions>cpp;c;cc;cxx;c++;cppm;ixx;def;odl;idl;hpj;bat;asm;asmx</Extensions>
    </Filter>
    <Filter Include="Header Files">
      <UniqueIdentifier>{93995380-89BD-4b04-88EB-625FBE52EBFB}</UniqueIdentifier>
      <Extensions>h;hh;hpp;hxx;h++;hm;inl;inc;ipp;xsd</Extensions>
    </Filter>
    <Filter Include="Resource Files">
      <UniqueIdentifier>{67DA6AB6-F800-4c08-8B7A-83BB121AAD01}</UniqueIdentifier>
      <Extensions>rc;ico;cur;bmp;dlg;rc2;rct;bin;rgs;gif;jpg;jpeg;jpe;resx;tiff;tif;png;wav;mfcribbon-ms</Extensions>
    </Filter>
  </ItemGroup>
  <ItemGroup>
    <ClCompile Include="..\CrystalsDilithium\ref\fips202.c">
      <Filter>Source Files</Filter>
    </ClCompile>
    <ClCompile Include="..\CrystalsDilithium\ref\ntt.c">
      <Filter>Source Files</Filter>
    </ClCompile>
    <ClCompile Include="..\CrystalsDilithium\ref\packing.c">
      <Filter>Source Files</Filter>
    </ClCompile>
    <ClCompile Include="..\CrystalsDilithium\ref\poly.c">
      <Filter>Source Files</Filter>
    </ClCompile>
    <ClCompile Include="..\CrystalsDilithium\ref\polyvec.c">
      <Filter>Source Files</Filter>
    </ClCompile>
    <ClCompile Include="..\CrystalsDilithium\ref\randombytes.c">
      <Filter>Source Files</Filter>
    </ClCompile>
    <ClCompile Include="..\CrystalsDilithium\ref\reduce.c">
      <Filter>Source Files</Filter>
    </ClCompile>
    <ClCompile Include="..\CrystalsDilithium\ref\rounding.c">
      <Filter>Source Files</Filter>
    </ClCompile>
    <ClCompile Include="..\CrystalsDilithium\ref\sign.c">
      <Filter>Source Files</Filter>
    </ClCompile>
    <ClCompile Include="..\CrystalsDilithium\ref\symmetric-shake.c">
      <Filter>Source Files</Filter>
    </ClCompile>
  </ItemGroup>
  <ItemGroup>
    <ClInclude Include="..\CrystalsDilithium\ref\api.h">
      <Filter>Header Files</Filter>
    </ClInclude>
    <ClInclude Include="..\CrystalsDilithium\ref\config.h">
      <Filter>Header Files</Filter>
    </ClInclude>
    <ClInclude Include="..\CrystalsDilithium\ref\fips202.h">
      <Filter>Header Files</Filter>
    </ClInclude>
    <ClInclude Include="..\CrystalsDilithium\ref\ntt.h">
      <Filter>Header Files</Filter>
    </ClInclude>
    <ClInclude Include="..\CrystalsDilithium\ref\packing.h">
      <Filter>Header Files</Filter>
    </ClInclude>
    <ClInclude Include="..\CrystalsDilithium\ref\params.h">
      <Filter>Header Files</Filter>
    </ClInclude>
    <ClInclude Include="..\CrystalsDilithium\ref\poly.h">
      <Filter>Header Files</Filter>
    </ClInclude>
    <ClInclude Include="..\CrystalsDilithium\ref\polyvec.h">
      <Filter>Header Files</Filter>
    </ClInclude>
    <ClInclude Include="..\CrystalsDilithium\ref\randombytes.h">
      <Filter>Header Files</Filter>
    </ClInclude>
    <ClInclude Include="..\CrystalsDilithium\ref\reduce.h">
      <Filter>Header Files</Filter>
    </ClInclude>
    <ClInclude Include="..\CrystalsDilithium\ref\rounding.h">
      <Filter>Header Files</Filter>
    </ClInclude>
    <ClInclude Include="..\CrystalsDilithium\ref\sign.h">
      <Filter>Header Files</Filter>
    </ClInclude>
    <ClInclude Include="..\CrystalsDilithium\ref\symmetric.h">
      <Filter>Header Files</Filter>
    </ClInclude>
  </ItemGroup>
</Project>